// !$*UTF8*$!
{
	archiveVersion = 1;
	classes = {
	};
	objectVersion = 52;
	objects = {

/* Begin PBXBuildFile section */
		63215BDF255F3C3E007F006A /* ContentViewTests.swift in Sources */ = {isa = PBXBuildFile; fileRef = 63215BDE255F3C3E007F006A /* ContentViewTests.swift */; };
		634837732558CDEE00FA407F /* ViewInspector in Frameworks */ = {isa = PBXBuildFile; productRef = 634837722558CDEE00FA407F /* ViewInspector */; };
		634D3A56255E275A0024521D /* SimpleView.swift in Sources */ = {isa = PBXBuildFile; fileRef = 634D3A55255E275A0024521D /* SimpleView.swift */; };
		634D3A5B255E27BA0024521D /* SimpleViewTests.swift in Sources */ = {isa = PBXBuildFile; fileRef = 634D3A5A255E27BA0024521D /* SimpleViewTests.swift */; };
		636D5182252AABB000BB80D4 /* Baseball_App.swift in Sources */ = {isa = PBXBuildFile; fileRef = 636D5181252AABB000BB80D4 /* Baseball_App.swift */; };
		636D5184252AABB000BB80D4 /* ContentView.swift in Sources */ = {isa = PBXBuildFile; fileRef = 636D5183252AABB000BB80D4 /* ContentView.swift */; };
		636D5186252AABB500BB80D4 /* Assets.xcassets in Resources */ = {isa = PBXBuildFile; fileRef = 636D5185252AABB500BB80D4 /* Assets.xcassets */; };
		636D5189252AABB500BB80D4 /* Preview Assets.xcassets in Resources */ = {isa = PBXBuildFile; fileRef = 636D5188252AABB500BB80D4 /* Preview Assets.xcassets */; };
		636D5194252AABB500BB80D4 /* Baseball_Tests.swift in Sources */ = {isa = PBXBuildFile; fileRef = 636D5193252AABB500BB80D4 /* Baseball_Tests.swift */; };
		636D519F252AABB500BB80D4 /* Baseball_UI_Tests.swift in Sources */ = {isa = PBXBuildFile; fileRef = 636D519E252AABB500BB80D4 /* Baseball_UI_Tests.swift */; };
		636D51B0252AAEDE00BB80D4 /* Scorecard.swift in Sources */ = {isa = PBXBuildFile; fileRef = 636D51AF252AAEDE00BB80D4 /* Scorecard.swift */; };
		636D51B5252AAEFF00BB80D4 /* FieldSimulator.swift in Sources */ = {isa = PBXBuildFile; fileRef = 636D51B4252AAEFF00BB80D4 /* FieldSimulator.swift */; };
		636D51BA252AAF1F00BB80D4 /* PlayGenerator.swift in Sources */ = {isa = PBXBuildFile; fileRef = 636D51B9252AAF1F00BB80D4 /* PlayGenerator.swift */; };
		636D51BF252AAF3900BB80D4 /* Situation.swift in Sources */ = {isa = PBXBuildFile; fileRef = 636D51BE252AAF3900BB80D4 /* Situation.swift */; };
		636D51C4252AAF4E00BB80D4 /* Play.swift in Sources */ = {isa = PBXBuildFile; fileRef = 636D51C3252AAF4E00BB80D4 /* Play.swift */; };
		637782002555E04200766772 /* ScorecardTests.swift in Sources */ = {isa = PBXBuildFile; fileRef = 637781FF2555E04200766772 /* ScorecardTests.swift */; };
		637782052555E79B00766772 /* Bundle_extension.swift in Sources */ = {isa = PBXBuildFile; fileRef = 637782042555E79B00766772 /* Bundle_extension.swift */; };
		6377820A2555E82000766772 /* data.json in Resources */ = {isa = PBXBuildFile; fileRef = 637782092555E82000766772 /* data.json */; };
		6377820F2555E89300766772 /* Player.swift in Sources */ = {isa = PBXBuildFile; fileRef = 6377820E2555E89300766772 /* Player.swift */; };
		637782142555E90F00766772 /* PlayerTest.swift in Sources */ = {isa = PBXBuildFile; fileRef = 637782132555E90F00766772 /* PlayerTest.swift */; };
		637782192555F21A00766772 /* FieldView.swift in Sources */ = {isa = PBXBuildFile; fileRef = 637782182555F21A00766772 /* FieldView.swift */; };
		6377821E2555F2CE00766772 /* PlayerRowView.swift in Sources */ = {isa = PBXBuildFile; fileRef = 6377821D2555F2CE00766772 /* PlayerRowView.swift */; };
		6377822D255626FF00766772 /* PlayerRowViewTests.swift in Sources */ = {isa = PBXBuildFile; fileRef = 6377822C255626FF00766772 /* PlayerRowViewTests.swift */; };
		63E9BBFD256F35B4001C9114 /* PlayerRowView_UI_Test.swift in Sources */ = {isa = PBXBuildFile; fileRef = 634D3A50255E25810024521D /* PlayerRowView_UI_Test.swift */; };
/* End PBXBuildFile section */

/* Begin PBXContainerItemProxy section */
		636D5190252AABB500BB80D4 /* PBXContainerItemProxy */ = {
			isa = PBXContainerItemProxy;
			containerPortal = 636D5176252AABB000BB80D4 /* Project object */;
			proxyType = 1;
			remoteGlobalIDString = 636D517D252AABB000BB80D4;
			remoteInfo = "Baseball-TDD";
		};
		636D519B252AABB500BB80D4 /* PBXContainerItemProxy */ = {
			isa = PBXContainerItemProxy;
			containerPortal = 636D5176252AABB000BB80D4 /* Project object */;
			proxyType = 1;
			remoteGlobalIDString = 636D517D252AABB000BB80D4;
			remoteInfo = "Baseball-TDD";
		};
/* End PBXContainerItemProxy section */

/* Begin PBXFileReference section */
		63215BDE255F3C3E007F006A /* ContentViewTests.swift */ = {isa = PBXFileReference; lastKnownFileType = sourcecode.swift; path = ContentViewTests.swift; sourceTree = "<group>"; };
		634D3A50255E25810024521D /* PlayerRowView_UI_Test.swift */ = {isa = PBXFileReference; lastKnownFileType = sourcecode.swift; path = PlayerRowView_UI_Test.swift; sourceTree = "<group>"; };
		634D3A55255E275A0024521D /* SimpleView.swift */ = {isa = PBXFileReference; lastKnownFileType = sourcecode.swift; path = SimpleView.swift; sourceTree = "<group>"; };
		634D3A5A255E27BA0024521D /* SimpleViewTests.swift */ = {isa = PBXFileReference; lastKnownFileType = sourcecode.swift; path = SimpleViewTests.swift; sourceTree = "<group>"; };
		636D517E252AABB000BB80D4 /* Baseball.app */ = {isa = PBXFileReference; explicitFileType = wrapper.application; includeInIndex = 0; path = Baseball.app; sourceTree = BUILT_PRODUCTS_DIR; };
		636D5181252AABB000BB80D4 /* Baseball_App.swift */ = {isa = PBXFileReference; lastKnownFileType = sourcecode.swift; path = Baseball_App.swift; sourceTree = "<group>"; };
		636D5183252AABB000BB80D4 /* ContentView.swift */ = {isa = PBXFileReference; lastKnownFileType = sourcecode.swift; path = ContentView.swift; sourceTree = "<group>"; };
		636D5185252AABB500BB80D4 /* Assets.xcassets */ = {isa = PBXFileReference; lastKnownFileType = folder.assetcatalog; path = Assets.xcassets; sourceTree = "<group>"; };
		636D5188252AABB500BB80D4 /* Preview Assets.xcassets */ = {isa = PBXFileReference; lastKnownFileType = folder.assetcatalog; path = "Preview Assets.xcassets"; sourceTree = "<group>"; };
		636D518A252AABB500BB80D4 /* Info.plist */ = {isa = PBXFileReference; lastKnownFileType = text.plist.xml; path = Info.plist; sourceTree = "<group>"; };
		636D518F252AABB500BB80D4 /* Baseball-Tests.xctest */ = {isa = PBXFileReference; explicitFileType = wrapper.cfbundle; includeInIndex = 0; path = "Baseball-Tests.xctest"; sourceTree = BUILT_PRODUCTS_DIR; };
		636D5193252AABB500BB80D4 /* Baseball_Tests.swift */ = {isa = PBXFileReference; lastKnownFileType = sourcecode.swift; path = Baseball_Tests.swift; sourceTree = "<group>"; };
		636D5195252AABB500BB80D4 /* Info.plist */ = {isa = PBXFileReference; lastKnownFileType = text.plist.xml; path = Info.plist; sourceTree = "<group>"; };
		636D519A252AABB500BB80D4 /* Baseball-UI-Tests.xctest */ = {isa = PBXFileReference; explicitFileType = wrapper.cfbundle; includeInIndex = 0; path = "Baseball-UI-Tests.xctest"; sourceTree = BUILT_PRODUCTS_DIR; };
		636D519E252AABB500BB80D4 /* Baseball_UI_Tests.swift */ = {isa = PBXFileReference; lastKnownFileType = sourcecode.swift; path = Baseball_UI_Tests.swift; sourceTree = "<group>"; };
		636D51A0252AABB500BB80D4 /* Info.plist */ = {isa = PBXFileReference; lastKnownFileType = text.plist.xml; path = Info.plist; sourceTree = "<group>"; };
		636D51AF252AAEDE00BB80D4 /* Scorecard.swift */ = {isa = PBXFileReference; lastKnownFileType = sourcecode.swift; path = Scorecard.swift; sourceTree = "<group>"; };
		636D51B4252AAEFF00BB80D4 /* FieldSimulator.swift */ = {isa = PBXFileReference; lastKnownFileType = sourcecode.swift; path = FieldSimulator.swift; sourceTree = "<group>"; };
		636D51B9252AAF1F00BB80D4 /* PlayGenerator.swift */ = {isa = PBXFileReference; lastKnownFileType = sourcecode.swift; path = PlayGenerator.swift; sourceTree = "<group>"; };
		636D51BE252AAF3900BB80D4 /* Situation.swift */ = {isa = PBXFileReference; lastKnownFileType = sourcecode.swift; path = Situation.swift; sourceTree = "<group>"; };
		636D51C3252AAF4E00BB80D4 /* Play.swift */ = {isa = PBXFileReference; lastKnownFileType = sourcecode.swift; path = Play.swift; sourceTree = "<group>"; };
		636D51D7252AC5A400BB80D4 /* README.md */ = {isa = PBXFileReference; lastKnownFileType = net.daringfireball.markdown; path = README.md; sourceTree = "<group>"; };
		637781FF2555E04200766772 /* ScorecardTests.swift */ = {isa = PBXFileReference; lastKnownFileType = sourcecode.swift; path = ScorecardTests.swift; sourceTree = "<group>"; };
		637782042555E79B00766772 /* Bundle_extension.swift */ = {isa = PBXFileReference; lastKnownFileType = sourcecode.swift; path = Bundle_extension.swift; sourceTree = "<group>"; };
		637782092555E82000766772 /* data.json */ = {isa = PBXFileReference; lastKnownFileType = text.json; path = data.json; sourceTree = "<group>"; };
		6377820E2555E89300766772 /* Player.swift */ = {isa = PBXFileReference; lastKnownFileType = sourcecode.swift; path = Player.swift; sourceTree = "<group>"; };
		637782132555E90F00766772 /* PlayerTest.swift */ = {isa = PBXFileReference; lastKnownFileType = sourcecode.swift; path = PlayerTest.swift; sourceTree = "<group>"; };
		637782182555F21A00766772 /* FieldView.swift */ = {isa = PBXFileReference; lastKnownFileType = sourcecode.swift; path = FieldView.swift; sourceTree = "<group>"; };
		6377821D2555F2CE00766772 /* PlayerRowView.swift */ = {isa = PBXFileReference; lastKnownFileType = sourcecode.swift; path = PlayerRowView.swift; sourceTree = "<group>"; };
		6377822C255626FF00766772 /* PlayerRowViewTests.swift */ = {isa = PBXFileReference; lastKnownFileType = sourcecode.swift; path = PlayerRowViewTests.swift; sourceTree = "<group>"; };
/* End PBXFileReference section */

/* Begin PBXFrameworksBuildPhase section */
		636D517B252AABB000BB80D4 /* Frameworks */ = {
			isa = PBXFrameworksBuildPhase;
			buildActionMask = 2147483647;
			files = (
			);
			runOnlyForDeploymentPostprocessing = 0;
		};
		636D518C252AABB500BB80D4 /* Frameworks */ = {
			isa = PBXFrameworksBuildPhase;
			buildActionMask = 2147483647;
			files = (
				634837732558CDEE00FA407F /* ViewInspector in Frameworks */,
			);
			runOnlyForDeploymentPostprocessing = 0;
		};
		636D5197252AABB500BB80D4 /* Frameworks */ = {
			isa = PBXFrameworksBuildPhase;
			buildActionMask = 2147483647;
			files = (
			);
			runOnlyForDeploymentPostprocessing = 0;
		};
/* End PBXFrameworksBuildPhase section */

/* Begin PBXGroup section */
		636D5175252AABB000BB80D4 = {
			isa = PBXGroup;
			children = (
				636D51D7252AC5A400BB80D4 /* README.md */,
				636D5180252AABB000BB80D4 /* Baseball */,
				636D5192252AABB500BB80D4 /* Baseball-Tests */,
				636D519D252AABB500BB80D4 /* Baseball-UI-Tests */,
				636D517F252AABB000BB80D4 /* Products */,
			);
			sourceTree = "<group>";
		};
		636D517F252AABB000BB80D4 /* Products */ = {
			isa = PBXGroup;
			children = (
				636D517E252AABB000BB80D4 /* Baseball.app */,
				636D518F252AABB500BB80D4 /* Baseball-Tests.xctest */,
				636D519A252AABB500BB80D4 /* Baseball-UI-Tests.xctest */,
			);
			name = Products;
			sourceTree = "<group>";
		};
		636D5180252AABB000BB80D4 /* Baseball */ = {
			isa = PBXGroup;
			children = (
				63817A0C25565687007BDECE /* Model */,
				636D5181252AABB000BB80D4 /* Baseball_App.swift */,
				63817A10255656D4007BDECE /* View */,
				636D5185252AABB500BB80D4 /* Assets.xcassets */,
				636D518A252AABB500BB80D4 /* Info.plist */,
				636D5187252AABB500BB80D4 /* Preview Content */,
			);
			path = Baseball;
			sourceTree = "<group>";
		};
		636D5187252AABB500BB80D4 /* Preview Content */ = {
			isa = PBXGroup;
			children = (
				636D5188252AABB500BB80D4 /* Preview Assets.xcassets */,
			);
			path = "Preview Content";
			sourceTree = "<group>";
		};
		636D5192252AABB500BB80D4 /* Baseball-Tests */ = {
			isa = PBXGroup;
			children = (
				636D5193252AABB500BB80D4 /* Baseball_Tests.swift */,
				637781FF2555E04200766772 /* ScorecardTests.swift */,
				637782132555E90F00766772 /* PlayerTest.swift */,
				6377822C255626FF00766772 /* PlayerRowViewTests.swift */,
				63215BDE255F3C3E007F006A /* ContentViewTests.swift */,
				634D3A5A255E27BA0024521D /* SimpleViewTests.swift */,
				636D5195252AABB500BB80D4 /* Info.plist */,
			);
			path = "Baseball-Tests";
			sourceTree = "<group>";
		};
		636D519D252AABB500BB80D4 /* Baseball-UI-Tests */ = {
			isa = PBXGroup;
			children = (
				636D519E252AABB500BB80D4 /* Baseball_UI_Tests.swift */,
				634D3A50255E25810024521D /* PlayerRowView_UI_Test.swift */,
				636D51A0252AABB500BB80D4 /* Info.plist */,
			);
			path = "Baseball-UI-Tests";
			sourceTree = "<group>";
		};
		63817A0C25565687007BDECE /* Model */ = {
			isa = PBXGroup;
			children = (
				637782042555E79B00766772 /* Bundle_extension.swift */,
				637782092555E82000766772 /* data.json */,
				6377820E2555E89300766772 /* Player.swift */,
				636D51C3252AAF4E00BB80D4 /* Play.swift */,
				636D51BE252AAF3900BB80D4 /* Situation.swift */,
				636D51B4252AAEFF00BB80D4 /* FieldSimulator.swift */,
				636D51B9252AAF1F00BB80D4 /* PlayGenerator.swift */,
				636D51AF252AAEDE00BB80D4 /* Scorecard.swift */,
			);
			path = Model;
			sourceTree = "<group>";
		};
		63817A10255656D4007BDECE /* View */ = {
			isa = PBXGroup;
			children = (
				636D5183252AABB000BB80D4 /* ContentView.swift */,
				6377821D2555F2CE00766772 /* PlayerRowView.swift */,
				637782182555F21A00766772 /* FieldView.swift */,
				634D3A55255E275A0024521D /* SimpleView.swift */,
			);
			path = View;
			sourceTree = "<group>";
		};
/* End PBXGroup section */

/* Begin PBXNativeTarget section */
		636D517D252AABB000BB80D4 /* Baseball */ = {
			isa = PBXNativeTarget;
			buildConfigurationList = 636D51A3252AABB500BB80D4 /* Build configuration list for PBXNativeTarget "Baseball" */;
			buildPhases = (
				636D517A252AABB000BB80D4 /* Sources */,
				636D517B252AABB000BB80D4 /* Frameworks */,
				636D517C252AABB000BB80D4 /* Resources */,
			);
			buildRules = (
			);
			dependencies = (
			);
			name = Baseball;
			productName = "Baseball-TDD";
			productReference = 636D517E252AABB000BB80D4 /* Baseball.app */;
			productType = "com.apple.product-type.application";
		};
		636D518E252AABB500BB80D4 /* Baseball-Tests */ = {
			isa = PBXNativeTarget;
			buildConfigurationList = 636D51A6252AABB500BB80D4 /* Build configuration list for PBXNativeTarget "Baseball-Tests" */;
			buildPhases = (
				636D518B252AABB500BB80D4 /* Sources */,
				636D518C252AABB500BB80D4 /* Frameworks */,
				636D518D252AABB500BB80D4 /* Resources */,
			);
			buildRules = (
			);
			dependencies = (
				636D5191252AABB500BB80D4 /* PBXTargetDependency */,
			);
			name = "Baseball-Tests";
			packageProductDependencies = (
				634837722558CDEE00FA407F /* ViewInspector */,
			);
			productName = "Baseball-TDDTests";
			productReference = 636D518F252AABB500BB80D4 /* Baseball-Tests.xctest */;
			productType = "com.apple.product-type.bundle.unit-test";
		};
		636D5199252AABB500BB80D4 /* Baseball-UI-Tests */ = {
			isa = PBXNativeTarget;
			buildConfigurationList = 636D51A9252AABB500BB80D4 /* Build configuration list for PBXNativeTarget "Baseball-UI-Tests" */;
			buildPhases = (
				636D5196252AABB500BB80D4 /* Sources */,
				636D5197252AABB500BB80D4 /* Frameworks */,
				636D5198252AABB500BB80D4 /* Resources */,
			);
			buildRules = (
			);
			dependencies = (
				636D519C252AABB500BB80D4 /* PBXTargetDependency */,
			);
			name = "Baseball-UI-Tests";
			productName = "Baseball-TDDUITests";
			productReference = 636D519A252AABB500BB80D4 /* Baseball-UI-Tests.xctest */;
			productType = "com.apple.product-type.bundle.ui-testing";
		};
/* End PBXNativeTarget section */

/* Begin PBXProject section */
		636D5176252AABB000BB80D4 /* Project object */ = {
			isa = PBXProject;
			attributes = {
				LastSwiftUpdateCheck = 1200;
				LastUpgradeCheck = 1200;
				TargetAttributes = {
					636D517D252AABB000BB80D4 = {
						CreatedOnToolsVersion = 12.0;
					};
					636D518E252AABB500BB80D4 = {
						CreatedOnToolsVersion = 12.0;
						TestTargetID = 636D517D252AABB000BB80D4;
					};
					636D5199252AABB500BB80D4 = {
						CreatedOnToolsVersion = 12.0;
						TestTargetID = 636D517D252AABB000BB80D4;
					};
				};
			};
			buildConfigurationList = 636D5179252AABB000BB80D4 /* Build configuration list for PBXProject "Baseball-TDD" */;
			compatibilityVersion = "Xcode 9.3";
			developmentRegion = en;
			hasScannedForEncodings = 0;
			knownRegions = (
				en,
				Base,
			);
			mainGroup = 636D5175252AABB000BB80D4;
			packageReferences = (
				634837712558CDEE00FA407F /* XCRemoteSwiftPackageReference "ViewInspector" */,
			);
			productRefGroup = 636D517F252AABB000BB80D4 /* Products */;
			projectDirPath = "";
			projectRoot = "";
			targets = (
				636D517D252AABB000BB80D4 /* Baseball */,
				636D518E252AABB500BB80D4 /* Baseball-Tests */,
				636D5199252AABB500BB80D4 /* Baseball-UI-Tests */,
			);
		};
/* End PBXProject section */

/* Begin PBXResourcesBuildPhase section */
		636D517C252AABB000BB80D4 /* Resources */ = {
			isa = PBXResourcesBuildPhase;
			buildActionMask = 2147483647;
			files = (
				636D5189252AABB500BB80D4 /* Preview Assets.xcassets in Resources */,
				6377820A2555E82000766772 /* data.json in Resources */,
				636D5186252AABB500BB80D4 /* Assets.xcassets in Resources */,
			);
			runOnlyForDeploymentPostprocessing = 0;
		};
		636D518D252AABB500BB80D4 /* Resources */ = {
			isa = PBXResourcesBuildPhase;
			buildActionMask = 2147483647;
			files = (
			);
			runOnlyForDeploymentPostprocessing = 0;
		};
		636D5198252AABB500BB80D4 /* Resources */ = {
			isa = PBXResourcesBuildPhase;
			buildActionMask = 2147483647;
			files = (
			);
			runOnlyForDeploymentPostprocessing = 0;
		};
/* End PBXResourcesBuildPhase section */

/* Begin PBXSourcesBuildPhase section */
		636D517A252AABB000BB80D4 /* Sources */ = {
			isa = PBXSourcesBuildPhase;
			buildActionMask = 2147483647;
			files = (
				636D51BF252AAF3900BB80D4 /* Situation.swift in Sources */,
				636D51B0252AAEDE00BB80D4 /* Scorecard.swift in Sources */,
				6377821E2555F2CE00766772 /* PlayerRowView.swift in Sources */,
				636D5184252AABB000BB80D4 /* ContentView.swift in Sources */,
				636D5182252AABB000BB80D4 /* Baseball_App.swift in Sources */,
				636D51C4252AAF4E00BB80D4 /* Play.swift in Sources */,
				636D51BA252AAF1F00BB80D4 /* PlayGenerator.swift in Sources */,
				636D51B5252AAEFF00BB80D4 /* FieldSimulator.swift in Sources */,
				6377820F2555E89300766772 /* Player.swift in Sources */,
				637782052555E79B00766772 /* Bundle_extension.swift in Sources */,
				637782192555F21A00766772 /* FieldView.swift in Sources */,
				634D3A56255E275A0024521D /* SimpleView.swift in Sources */,
			);
			runOnlyForDeploymentPostprocessing = 0;
		};
		636D518B252AABB500BB80D4 /* Sources */ = {
			isa = PBXSourcesBuildPhase;
			buildActionMask = 2147483647;
			files = (
				63215BDF255F3C3E007F006A /* ContentViewTests.swift in Sources */,
				634D3A5B255E27BA0024521D /* SimpleViewTests.swift in Sources */,
				637782002555E04200766772 /* ScorecardTests.swift in Sources */,
				637782142555E90F00766772 /* PlayerTest.swift in Sources */,
				6377822D255626FF00766772 /* PlayerRowViewTests.swift in Sources */,
				636D5194252AABB500BB80D4 /* Baseball_Tests.swift in Sources */,
			);
			runOnlyForDeploymentPostprocessing = 0;
		};
		636D5196252AABB500BB80D4 /* Sources */ = {
			isa = PBXSourcesBuildPhase;
			buildActionMask = 2147483647;
			files = (
				63E9BBFD256F35B4001C9114 /* PlayerRowView_UI_Test.swift in Sources */,
				636D519F252AABB500BB80D4 /* Baseball_UI_Tests.swift in Sources */,
			);
			runOnlyForDeploymentPostprocessing = 0;
		};
/* End PBXSourcesBuildPhase section */

/* Begin PBXTargetDependency section */
		636D5191252AABB500BB80D4 /* PBXTargetDependency */ = {
			isa = PBXTargetDependency;
			target = 636D517D252AABB000BB80D4 /* Baseball */;
			targetProxy = 636D5190252AABB500BB80D4 /* PBXContainerItemProxy */;
		};
		636D519C252AABB500BB80D4 /* PBXTargetDependency */ = {
			isa = PBXTargetDependency;
			target = 636D517D252AABB000BB80D4 /* Baseball */;
			targetProxy = 636D519B252AABB500BB80D4 /* PBXContainerItemProxy */;
		};
/* End PBXTargetDependency section */

/* Begin XCBuildConfiguration section */
		636D51A1252AABB500BB80D4 /* Debug */ = {
			isa = XCBuildConfiguration;
			buildSettings = {
				ALWAYS_SEARCH_USER_PATHS = NO;
				CLANG_ANALYZER_NONNULL = YES;
				CLANG_ANALYZER_NUMBER_OBJECT_CONVERSION = YES_AGGRESSIVE;
				CLANG_CXX_LANGUAGE_STANDARD = "gnu++14";
				CLANG_CXX_LIBRARY = "libc++";
				CLANG_ENABLE_MODULES = YES;
				CLANG_ENABLE_OBJC_ARC = YES;
				CLANG_ENABLE_OBJC_WEAK = YES;
				CLANG_WARN_BLOCK_CAPTURE_AUTORELEASING = YES;
				CLANG_WARN_BOOL_CONVERSION = YES;
				CLANG_WARN_COMMA = YES;
				CLANG_WARN_CONSTANT_CONVERSION = YES;
				CLANG_WARN_DEPRECATED_OBJC_IMPLEMENTATIONS = YES;
				CLANG_WARN_DIRECT_OBJC_ISA_USAGE = YES_ERROR;
				CLANG_WARN_DOCUMENTATION_COMMENTS = YES;
				CLANG_WARN_EMPTY_BODY = YES;
				CLANG_WARN_ENUM_CONVERSION = YES;
				CLANG_WARN_INFINITE_RECURSION = YES;
				CLANG_WARN_INT_CONVERSION = YES;
				CLANG_WARN_NON_LITERAL_NULL_CONVERSION = YES;
				CLANG_WARN_OBJC_IMPLICIT_RETAIN_SELF = YES;
				CLANG_WARN_OBJC_LITERAL_CONVERSION = YES;
				CLANG_WARN_OBJC_ROOT_CLASS = YES_ERROR;
				CLANG_WARN_QUOTED_INCLUDE_IN_FRAMEWORK_HEADER = YES;
				CLANG_WARN_RANGE_LOOP_ANALYSIS = YES;
				CLANG_WARN_STRICT_PROTOTYPES = YES;
				CLANG_WARN_SUSPICIOUS_MOVE = YES;
				CLANG_WARN_UNGUARDED_AVAILABILITY = YES_AGGRESSIVE;
				CLANG_WARN_UNREACHABLE_CODE = YES;
				CLANG_WARN__DUPLICATE_METHOD_MATCH = YES;
				COPY_PHASE_STRIP = NO;
				DEBUG_INFORMATION_FORMAT = dwarf;
				ENABLE_STRICT_OBJC_MSGSEND = YES;
				ENABLE_TESTABILITY = YES;
				GCC_C_LANGUAGE_STANDARD = gnu11;
				GCC_DYNAMIC_NO_PIC = NO;
				GCC_NO_COMMON_BLOCKS = YES;
				GCC_OPTIMIZATION_LEVEL = 0;
				GCC_PREPROCESSOR_DEFINITIONS = (
					"DEBUG=1",
					"$(inherited)",
				);
				GCC_WARN_64_TO_32_BIT_CONVERSION = YES;
				GCC_WARN_ABOUT_RETURN_TYPE = YES_ERROR;
				GCC_WARN_UNDECLARED_SELECTOR = YES;
				GCC_WARN_UNINITIALIZED_AUTOS = YES_AGGRESSIVE;
				GCC_WARN_UNUSED_FUNCTION = YES;
				GCC_WARN_UNUSED_VARIABLE = YES;
				IPHONEOS_DEPLOYMENT_TARGET = 14.0;
				MTL_ENABLE_DEBUG_INFO = INCLUDE_SOURCE;
				MTL_FAST_MATH = YES;
				ONLY_ACTIVE_ARCH = YES;
				SDKROOT = iphoneos;
				SWIFT_ACTIVE_COMPILATION_CONDITIONS = DEBUG;
				SWIFT_OPTIMIZATION_LEVEL = "-Onone";
			};
			name = Debug;
		};
		636D51A2252AABB500BB80D4 /* Release */ = {
			isa = XCBuildConfiguration;
			buildSettings = {
				ALWAYS_SEARCH_USER_PATHS = NO;
				CLANG_ANALYZER_NONNULL = YES;
				CLANG_ANALYZER_NUMBER_OBJECT_CONVERSION = YES_AGGRESSIVE;
				CLANG_CXX_LANGUAGE_STANDARD = "gnu++14";
				CLANG_CXX_LIBRARY = "libc++";
				CLANG_ENABLE_MODULES = YES;
				CLANG_ENABLE_OBJC_ARC = YES;
				CLANG_ENABLE_OBJC_WEAK = YES;
				CLANG_WARN_BLOCK_CAPTURE_AUTORELEASING = YES;
				CLANG_WARN_BOOL_CONVERSION = YES;
				CLANG_WARN_COMMA = YES;
				CLANG_WARN_CONSTANT_CONVERSION = YES;
				CLANG_WARN_DEPRECATED_OBJC_IMPLEMENTATIONS = YES;
				CLANG_WARN_DIRECT_OBJC_ISA_USAGE = YES_ERROR;
				CLANG_WARN_DOCUMENTATION_COMMENTS = YES;
				CLANG_WARN_EMPTY_BODY = YES;
				CLANG_WARN_ENUM_CONVERSION = YES;
				CLANG_WARN_INFINITE_RECURSION = YES;
				CLANG_WARN_INT_CONVERSION = YES;
				CLANG_WARN_NON_LITERAL_NULL_CONVERSION = YES;
				CLANG_WARN_OBJC_IMPLICIT_RETAIN_SELF = YES;
				CLANG_WARN_OBJC_LITERAL_CONVERSION = YES;
				CLANG_WARN_OBJC_ROOT_CLASS = YES_ERROR;
				CLANG_WARN_QUOTED_INCLUDE_IN_FRAMEWORK_HEADER = YES;
				CLANG_WARN_RANGE_LOOP_ANALYSIS = YES;
				CLANG_WARN_STRICT_PROTOTYPES = YES;
				CLANG_WARN_SUSPICIOUS_MOVE = YES;
				CLANG_WARN_UNGUARDED_AVAILABILITY = YES_AGGRESSIVE;
				CLANG_WARN_UNREACHABLE_CODE = YES;
				CLANG_WARN__DUPLICATE_METHOD_MATCH = YES;
				COPY_PHASE_STRIP = NO;
				DEBUG_INFORMATION_FORMAT = "dwarf-with-dsym";
				ENABLE_NS_ASSERTIONS = NO;
				ENABLE_STRICT_OBJC_MSGSEND = YES;
				GCC_C_LANGUAGE_STANDARD = gnu11;
				GCC_NO_COMMON_BLOCKS = YES;
				GCC_WARN_64_TO_32_BIT_CONVERSION = YES;
				GCC_WARN_ABOUT_RETURN_TYPE = YES_ERROR;
				GCC_WARN_UNDECLARED_SELECTOR = YES;
				GCC_WARN_UNINITIALIZED_AUTOS = YES_AGGRESSIVE;
				GCC_WARN_UNUSED_FUNCTION = YES;
				GCC_WARN_UNUSED_VARIABLE = YES;
				IPHONEOS_DEPLOYMENT_TARGET = 14.0;
				MTL_ENABLE_DEBUG_INFO = NO;
				MTL_FAST_MATH = YES;
				SDKROOT = iphoneos;
				SWIFT_COMPILATION_MODE = wholemodule;
				SWIFT_OPTIMIZATION_LEVEL = "-O";
				VALIDATE_PRODUCT = YES;
			};
			name = Release;
		};
		636D51A4252AABB500BB80D4 /* Debug */ = {
			isa = XCBuildConfiguration;
			buildSettings = {
				ASSETCATALOG_COMPILER_APPICON_NAME = AppIcon;
				ASSETCATALOG_COMPILER_GLOBAL_ACCENT_COLOR_NAME = AccentColor;
				CODE_SIGN_STYLE = Automatic;
				DEVELOPMENT_ASSET_PATHS = "\"Baseball/Preview Content\"";
				DEVELOPMENT_TEAM = 99568KA9SE;
				ENABLE_PREVIEWS = YES;
				INFOPLIST_FILE = Baseball/Info.plist;
				IPHONEOS_DEPLOYMENT_TARGET = 14.0;
				LD_RUNPATH_SEARCH_PATHS = (
					"$(inherited)",
					"@executable_path/Frameworks",
				);
				PRODUCT_BUNDLE_IDENTIFIER = com.LifeWorksIQ.Baseball;
				PRODUCT_NAME = "$(TARGET_NAME)";
				SWIFT_VERSION = 5.0;
				TARGETED_DEVICE_FAMILY = "1,2";
			};
			name = Debug;
		};
		636D51A5252AABB500BB80D4 /* Release */ = {
			isa = XCBuildConfiguration;
			buildSettings = {
				ASSETCATALOG_COMPILER_APPICON_NAME = AppIcon;
				ASSETCATALOG_COMPILER_GLOBAL_ACCENT_COLOR_NAME = AccentColor;
				CODE_SIGN_STYLE = Automatic;
				DEVELOPMENT_ASSET_PATHS = "\"Baseball/Preview Content\"";
				DEVELOPMENT_TEAM = 99568KA9SE;
				ENABLE_PREVIEWS = YES;
				INFOPLIST_FILE = Baseball/Info.plist;
				IPHONEOS_DEPLOYMENT_TARGET = 14.0;
				LD_RUNPATH_SEARCH_PATHS = (
					"$(inherited)",
					"@executable_path/Frameworks",
				);
				PRODUCT_BUNDLE_IDENTIFIER = com.LifeWorksIQ.Baseball;
				PRODUCT_NAME = "$(TARGET_NAME)";
				SWIFT_VERSION = 5.0;
				TARGETED_DEVICE_FAMILY = "1,2";
			};
			name = Release;
		};
		636D51A7252AABB500BB80D4 /* Debug */ = {
			isa = XCBuildConfiguration;
			buildSettings = {
				ALWAYS_EMBED_SWIFT_STANDARD_LIBRARIES = YES;
				BUNDLE_LOADER = "$(TEST_HOST)";
				CODE_SIGN_STYLE = Automatic;
				DEVELOPMENT_TEAM = 99568KA9SE;
				INFOPLIST_FILE = "Baseball-Tests/Info.plist";
				IPHONEOS_DEPLOYMENT_TARGET = 14.0;
				LD_RUNPATH_SEARCH_PATHS = (
					"$(inherited)",
					"@executable_path/Frameworks",
					"@loader_path/Frameworks",
				);
				PRODUCT_BUNDLE_IDENTIFIER = "com.LifeWorksIQ.Baseball-Tests";
				PRODUCT_NAME = "$(TARGET_NAME)";
				SWIFT_VERSION = 5.0;
				TARGETED_DEVICE_FAMILY = "1,2";
				TEST_HOST = "$(BUILT_PRODUCTS_DIR)/Baseball-TDD.app/Baseball";
			};
			name = Debug;
		};
		636D51A8252AABB500BB80D4 /* Release */ = {
			isa = XCBuildConfiguration;
			buildSettings = {
				ALWAYS_EMBED_SWIFT_STANDARD_LIBRARIES = YES;
				BUNDLE_LOADER = "$(TEST_HOST)";
				CODE_SIGN_STYLE = Automatic;
				DEVELOPMENT_TEAM = 99568KA9SE;
				INFOPLIST_FILE = "Baseball-Tests/Info.plist";
				IPHONEOS_DEPLOYMENT_TARGET = 14.0;
				LD_RUNPATH_SEARCH_PATHS = (
					"$(inherited)",
					"@executable_path/Frameworks",
					"@loader_path/Frameworks",
				);
				PRODUCT_BUNDLE_IDENTIFIER = "com.LifeWorksIQ.Baseball-Tests";
				PRODUCT_NAME = "$(TARGET_NAME)";
				SWIFT_VERSION = 5.0;
				TARGETED_DEVICE_FAMILY = "1,2";
				TEST_HOST = "$(BUILT_PRODUCTS_DIR)/Baseball-TDD.app/Baseball";
			};
			name = Release;
		};
		636D51AA252AABB500BB80D4 /* Debug */ = {
			isa = XCBuildConfiguration;
			buildSettings = {
				ALWAYS_EMBED_SWIFT_STANDARD_LIBRARIES = YES;
				CODE_SIGN_STYLE = Automatic;
				DEVELOPMENT_TEAM = 99568KA9SE;
				INFOPLIST_FILE = "Baseball-UI-Tests/Info.plist";
				LD_RUNPATH_SEARCH_PATHS = (
					"$(inherited)",
					"@executable_path/Frameworks",
					"@loader_path/Frameworks",
				);
				PRODUCT_BUNDLE_IDENTIFIER = "com.LifeWorksIQ.Baseball-UI-Tests";
				PRODUCT_NAME = "$(TARGET_NAME)";
				PROVISIONING_PROFILE = "";
				SWIFT_VERSION = 5.0;
				TARGETED_DEVICE_FAMILY = "1,2";
				TEST_TARGET_NAME = "Baseball-TDD";
			};
			name = Debug;
		};
		636D51AB252AABB500BB80D4 /* Release */ = {
			isa = XCBuildConfiguration;
			buildSettings = {
				ALWAYS_EMBED_SWIFT_STANDARD_LIBRARIES = YES;
				CODE_SIGN_STYLE = Automatic;
				DEVELOPMENT_TEAM = 99568KA9SE;
				INFOPLIST_FILE = "Baseball-UI-Tests/Info.plist";
				LD_RUNPATH_SEARCH_PATHS = (
					"$(inherited)",
					"@executable_path/Frameworks",
					"@loader_path/Frameworks",
				);
				PRODUCT_BUNDLE_IDENTIFIER = "com.LifeWorksIQ.Baseball-UI-Tests";
				PRODUCT_NAME = "$(TARGET_NAME)";
				PROVISIONING_PROFILE = "";
				SWIFT_VERSION = 5.0;
				TARGETED_DEVICE_FAMILY = "1,2";
				TEST_TARGET_NAME = "Baseball-TDD";
			};
			name = Release;
		};
/* End XCBuildConfiguration section */

/* Begin XCConfigurationList section */
		636D5179252AABB000BB80D4 /* Build configuration list for PBXProject "Baseball-TDD" */ = {
			isa = XCConfigurationList;
			buildConfigurations = (
				636D51A1252AABB500BB80D4 /* Debug */,
				636D51A2252AABB500BB80D4 /* Release */,
			);
			defaultConfigurationIsVisible = 0;
			defaultConfigurationName = Release;
		};
		636D51A3252AABB500BB80D4 /* Build configuration list for PBXNativeTarget "Baseball" */ = {
			isa = XCConfigurationList;
			buildConfigurations = (
				636D51A4252AABB500BB80D4 /* Debug */,
				636D51A5252AABB500BB80D4 /* Release */,
			);
			defaultConfigurationIsVisible = 0;
			defaultConfigurationName = Release;
		};
		636D51A6252AABB500BB80D4 /* Build configuration list for PBXNativeTarget "Baseball-Tests" */ = {
			isa = XCConfigurationList;
			buildConfigurations = (
				636D51A7252AABB500BB80D4 /* Debug */,
				636D51A8252AABB500BB80D4 /* Release */,
			);
			defaultConfigurationIsVisible = 0;
			defaultConfigurationName = Release;
		};
		636D51A9252AABB500BB80D4 /* Build configuration list for PBXNativeTarget "Baseball-UI-Tests" */ = {
			isa = XCConfigurationList;
			buildConfigurations = (
				636D51AA252AABB500BB80D4 /* Debug */,
				636D51AB252AABB500BB80D4 /* Release */,
			);
			defaultConfigurationIsVisible = 0;
			defaultConfigurationName = Release;
		};
/* End XCConfigurationList section */

/* Begin XCRemoteSwiftPackageReference section */
		634837712558CDEE00FA407F /* XCRemoteSwiftPackageReference "ViewInspector" */ = {
			isa = XCRemoteSwiftPackageReference;
			repositoryURL = "https://github.com/nalexn/ViewInspector";
			requirement = {
				kind = upToNextMajorVersion;
				minimumVersion = 0.5.1;
			};
		};
/* End XCRemoteSwiftPackageReference section */

/* Begin XCSwiftPackageProductDependency section */
		634837722558CDEE00FA407F /* ViewInspector */ = {
			isa = XCSwiftPackageProductDependency;
			package = 634837712558CDEE00FA407F /* XCRemoteSwiftPackageReference "ViewInspector" */;
			productName = ViewInspector;
		};
/* End XCSwiftPackageProductDependency section */
	};
	rootObject = 636D5176252AABB000BB80D4 /* Project object */;
}
